
Microsoft Visual Studio Solution File, Format Version 12.00
# Visual Studio Version 16
VisualStudioVersion = 16.0.30611.23
MinimumVisualStudioVersion = 10.0.40219.1
Project("{FAE04EC0-301F-11D3-BF4B-00C04F79EFBC}") = "WindowsFormsApp3", "WindowsFormsApp3\WindowsFormsApp3.csproj", "{A6AAD510-FB0A-481A-906E-E40104829C42}"
EndProject
Global
	GlobalSection(SolutionConfigurationPlatforms) = preSolution
		Debug|Any CPU = Debug|Any CPU
		Release|Any CPU = Release|Any CPU
	EndGlobalSection
	GlobalSection(ProjectConfigurationPlatforms) = postSolution
		{A6AAD510-FB0A-481A-906E-E40104829C42}.Debug|Any CPU.ActiveCfg = Debug|Any CPU
		{A6AAD510-FB0A-481A-906E-E40104829C42}.Debug|Any CPU.Build.0 = Debug|Any CPU
		{A6AAD510-FB0A-481A-906E-E40104829C42}.Release|Any CPU.ActiveCfg = Release|Any CPU
		{A6AAD510-FB0A-481A-906E-E40104829C42}.Release|Any CPU.Build.0 = Release|Any CPU
	EndGlobalSection
	GlobalSection(SolutionProperties) = preSolution
		HideSolutionNode = FALSE
	EndGlobalSection
	GlobalSection(ExtensibilityGlobals) = postSolution
		SolutionGuid = {BE55DB7C-DCF9-4D9B-9324-DFCE14C9BECD}
	EndGlobalSection
EndGlobal
